{
  "originHash" : "cb1d58c2bb1a4be60be81b2848603dfe1c1a5a7745dd22b217b36f8d3ed8cccc",
  "pins" : [
    {
      "identity" : "keyboardshortcuts",
      "kind" : "remoteSourceControl",
      "location" : "https://github.com/sindresorhus/KeyboardShortcuts",
      "state" : {
        "revision" : "1aef85578fdd4f9eaeeb8d53b7b4fc31bf08fe27",
        "version" : "2.4.0"
      }
    },
    {
      "identity" : "swift-llama-cpp",
      "kind" : "remoteSourceControl",
      "location" : "https://github.com/pgorzelany/swift-llama-cpp.git",
      "state" : {
        "revision" : "5496bc7c9820f04bba7268dc8a271235deae436d",
        "version" : "1.2.0"
      }
    }
  ],
  "version" : 3
}
